{
  "nodes": {
    "nixpkgs": {
      "locked": {
        "lastModified": 1750969886,
        "narHash": "sha256-zW/OFnotiz/ndPFdebpo3X0CrbVNf22n4DjN2vxlb58=",
        "owner": "NixOS",
        "repo": "nixpkgs",
        "rev": "a676066377a2fe7457369dd37c31fd2263b662f4",
        "type": "github"
      },
      "original": {
        "owner": "NixOS",
        "ref": "nixos-25.05",
        "repo": "nixpkgs",
        "type": "github"
      }
    },
    "nixpkgs-unstable": {
      "locked": {
        "lastModified": 1739451785,
        "narHash": "sha256-3ebRdThRic9bHMuNi2IAA/ek9b32bsy8F5R4SvGTIog=",
        "owner": "NixOS",
        "repo": "nixpkgs",
        "rev": "1128e89fd5e11bb25aedbfc287733c6502202ea9",
        "type": "github"
      },
      "original": {
        "owner": "NixOS",
        "ref": "nixpkgs-unstable",
        "repo": "nixpkgs",
        "type": "github"
      }
    },
    "root": {
      "inputs": {
        "nixpkgs": "nixpkgs",
        "rust-overlay": "rust-overlay",
        "util": "util"
      }
    },
    "rust-overlay": {
      "inputs": {
        "nixpkgs": [
          "nixpkgs"
        ]
      },
      "locked": {
        "lastModified": 1751078221,
        "narHash": "sha256-/SRmXIPxL7ixFLZgcDdgZDuIwt8eWQAamMYer0ODwbM=",
        "owner": "oxalica",
        "repo": "rust-overlay",
        "rev": "1712a6d3430ca75353d366b7ddd1c79d6b243efc",
        "type": "github"
      },
      "original": {
        "owner": "oxalica",
        "repo": "rust-overlay",
        "type": "github"
      }
    },
    "rust-overlay_2": {
      "inputs": {
        "nixpkgs": [
          "util",
          "nixpkgs"
        ]
      },
      "locked": {
        "lastModified": 1738290352,
        "narHash": "sha256-YKOHUmc0Clm4tMV8grnxYL4IIwtjTayoq/3nqk0QM7k=",
        "owner": "oxalica",
        "repo": "rust-overlay",
        "rev": "b031b584125d33d23a0182f91ddbaf3ab4880236",
        "type": "github"
      },
      "original": {
        "owner": "oxalica",
        "repo": "rust-overlay",
        "type": "github"
      }
    },
    "util": {
      "inputs": {
        "nixpkgs": [
          "nixpkgs"
        ],
        "nixpkgs-unstable": "nixpkgs-unstable",
        "rust-overlay": "rust-overlay_2"
      },
      "locked": {
        "lastModified": 1749681534,
        "narHash": "sha256-tuuqxG7LIojZb//AqlulgYiaIwkf82HStFcFzuLwZD4=",
        "owner": "hectic-lab",
        "repo": "util.nix",
        "rev": "0ab206177661736c98c8d48a09fdc313bf60d63d",
        "type": "github"
      },
      "original": {
        "owner": "hectic-lab",
        "ref": "fix/postgres-extension",
        "repo": "util.nix",
        "type": "github"
      }
    }
  },
  "root": "root",
  "version": 7
}
